// !$*UTF8*$!
{
	archiveVersion = 1;
	classes = {
	};
	objectVersion = 56;
	objects = {

/* Begin PBXBuildFile section */
		41674361B69CC1DF8B1B3B6B /* Pods_LoginthroughFacebook.framework in Frameworks */ = {isa = PBXBuildFile; fileRef = EDC385294FA1DC75EDB738A1 /* Pods_LoginthroughFacebook.framework */; };
		6C1FFC182ACA925E0078F0B8 /* AppDelegate.swift in Sources */ = {isa = PBXBuildFile; fileRef = 6C1FFC172ACA925E0078F0B8 /* AppDelegate.swift */; };
		6C1FFC1A2ACA925E0078F0B8 /* SceneDelegate.swift in Sources */ = {isa = PBXBuildFile; fileRef = 6C1FFC192ACA925E0078F0B8 /* SceneDelegate.swift */; };
		6C1FFC1C2ACA925E0078F0B8 /* ViewController.swift in Sources */ = {isa = PBXBuildFile; fileRef = 6C1FFC1B2ACA925E0078F0B8 /* ViewController.swift */; };
		6C1FFC1F2ACA925E0078F0B8 /* Main.storyboard in Resources */ = {isa = PBXBuildFile; fileRef = 6C1FFC1D2ACA925E0078F0B8 /* Main.storyboard */; };
		6C1FFC212ACA92600078F0B8 /* Assets.xcassets in Resources */ = {isa = PBXBuildFile; fileRef = 6C1FFC202ACA92600078F0B8 /* Assets.xcassets */; };
		6C1FFC242ACA92600078F0B8 /* LaunchScreen.storyboard in Resources */ = {isa = PBXBuildFile; fileRef = 6C1FFC222ACA92600078F0B8 /* LaunchScreen.storyboard */; };
		6C1FFC2C2ACACC9D0078F0B8 /* NewViewController.swift in Sources */ = {isa = PBXBuildFile; fileRef = 6C1FFC2B2ACACC9D0078F0B8 /* NewViewController.swift */; };
/* End PBXBuildFile section */

/* Begin PBXFileReference section */
		4A0A7D685A5032E2D6EFF953 /* Pods-LoginthroughFacebook.release.xcconfig */ = {isa = PBXFileReference; includeInIndex = 1; lastKnownFileType = text.xcconfig; name = "Pods-LoginthroughFacebook.release.xcconfig"; path = "Target Support Files/Pods-LoginthroughFacebook/Pods-LoginthroughFacebook.release.xcconfig"; sourceTree = "<group>"; };
		6C1FFC142ACA925E0078F0B8 /* LoginthroughFacebook.app */ = {isa = PBXFileReference; explicitFileType = wrapper.application; includeInIndex = 0; path = LoginthroughFacebook.app; sourceTree = BUILT_PRODUCTS_DIR; };
		6C1FFC172ACA925E0078F0B8 /* AppDelegate.swift */ = {isa = PBXFileReference; lastKnownFileType = sourcecode.swift; path = AppDelegate.swift; sourceTree = "<group>"; };
		6C1FFC192ACA925E0078F0B8 /* SceneDelegate.swift */ = {isa = PBXFileReference; lastKnownFileType = sourcecode.swift; path = SceneDelegate.swift; sourceTree = "<group>"; };
		6C1FFC1B2ACA925E0078F0B8 /* ViewController.swift */ = {isa = PBXFileReference; lastKnownFileType = sourcecode.swift; path = ViewController.swift; sourceTree = "<group>"; };
		6C1FFC1E2ACA925E0078F0B8 /* Base */ = {isa = PBXFileReference; lastKnownFileType = file.storyboard; name = Base; path = Base.lproj/Main.storyboard; sourceTree = "<group>"; };
		6C1FFC202ACA92600078F0B8 /* Assets.xcassets */ = {isa = PBXFileReference; lastKnownFileType = folder.assetcatalog; path = Assets.xcassets; sourceTree = "<group>"; };
		6C1FFC232ACA92600078F0B8 /* Base */ = {isa = PBXFileReference; lastKnownFileType = file.storyboard; name = Base; path = Base.lproj/LaunchScreen.storyboard; sourceTree = "<group>"; };
		6C1FFC252ACA92600078F0B8 /* Info.plist */ = {isa = PBXFileReference; lastKnownFileType = text.plist.xml; path = Info.plist; sourceTree = "<group>"; };
		6C1FFC2B2ACACC9D0078F0B8 /* NewViewController.swift */ = {isa = PBXFileReference; lastKnownFileType = sourcecode.swift; path = NewViewController.swift; sourceTree = "<group>"; };
		C3905504958868D158CF05EF /* Pods-LoginthroughFacebook.debug.xcconfig */ = {isa = PBXFileReference; includeInIndex = 1; lastKnownFileType = text.xcconfig; name = "Pods-LoginthroughFacebook.debug.xcconfig"; path = "Target Support Files/Pods-LoginthroughFacebook/Pods-LoginthroughFacebook.debug.xcconfig"; sourceTree = "<group>"; };
		EDC385294FA1DC75EDB738A1 /* Pods_LoginthroughFacebook.framework */ = {isa = PBXFileReference; explicitFileType = wrapper.framework; includeInIndex = 0; path = Pods_LoginthroughFacebook.framework; sourceTree = BUILT_PRODUCTS_DIR; };
/* End PBXFileReference section */

/* Begin PBXFrameworksBuildPhase section */
		6C1FFC112ACA925E0078F0B8 /* Frameworks */ = {
			isa = PBXFrameworksBuildPhase;
			buildActionMask = 2147483647;
			files = (
				41674361B69CC1DF8B1B3B6B /* Pods_LoginthroughFacebook.framework in Frameworks */,
			);
			runOnlyForDeploymentPostprocessing = 0;
		};
/* End PBXFrameworksBuildPhase section */

/* Begin PBXGroup section */
		01317897CDB94A8A09444905 /* Pods */ = {
			isa = PBXGroup;
			children = (
				C3905504958868D158CF05EF /* Pods-LoginthroughFacebook.debug.xcconfig */,
				4A0A7D685A5032E2D6EFF953 /* Pods-LoginthroughFacebook.release.xcconfig */,
			);
			path = Pods;
			sourceTree = "<group>";
		};
		6C1FFC0B2ACA925E0078F0B8 = {
			isa = PBXGroup;
			children = (
				6C1FFC162ACA925E0078F0B8 /* LoginthroughFacebook */,
				6C1FFC152ACA925E0078F0B8 /* Products */,
				01317897CDB94A8A09444905 /* Pods */,
				F77B2C7C3A8C035C3E7E1275 /* Frameworks */,
			);
			sourceTree = "<group>";
		};
		6C1FFC152ACA925E0078F0B8 /* Products */ = {
			isa = PBXGroup;
			children = (
				6C1FFC142ACA925E0078F0B8 /* LoginthroughFacebook.app */,
			);
			name = Products;
			sourceTree = "<group>";
		};
		6C1FFC162ACA925E0078F0B8 /* LoginthroughFacebook */ = {
			isa = PBXGroup;
			children = (
				6C1FFC172ACA925E0078F0B8 /* AppDelegate.swift */,
				6C1FFC192ACA925E0078F0B8 /* SceneDelegate.swift */,
				6C1FFC1B2ACA925E0078F0B8 /* ViewController.swift */,
				6C1FFC1D2ACA925E0078F0B8 /* Main.storyboard */,
				6C1FFC202ACA92600078F0B8 /* Assets.xcassets */,
				6C1FFC222ACA92600078F0B8 /* LaunchScreen.storyboard */,
				6C1FFC252ACA92600078F0B8 /* Info.plist */,
				6C1FFC2B2ACACC9D0078F0B8 /* NewViewController.swift */,
			);
			path = LoginthroughFacebook;
			sourceTree = "<group>";
		};
		F77B2C7C3A8C035C3E7E1275 /* Frameworks */ = {
			isa = PBXGroup;
			children = (
				EDC385294FA1DC75EDB738A1 /* Pods_LoginthroughFacebook.framework */,
			);
			name = Frameworks;
			sourceTree = "<group>";
		};
/* End PBXGroup section */

/* Begin PBXNativeTarget section */
		6C1FFC132ACA925E0078F0B8 /* LoginthroughFacebook */ = {
			isa = PBXNativeTarget;
			buildConfigurationList = 6C1FFC282ACA92600078F0B8 /* Build configuration list for PBXNativeTarget "LoginthroughFacebook" */;
			buildPhases = (
				23D0F9FC2A021484758439BF /* [CP] Check Pods Manifest.lock */,
				6C1FFC102ACA925E0078F0B8 /* Sources */,
				6C1FFC112ACA925E0078F0B8 /* Frameworks */,
				6C1FFC122ACA925E0078F0B8 /* Resources */,
				C4DF1DEEFBFD60A4A1D8328C /* [CP] Embed Pods Frameworks */,
			);
			buildRules = (
			);
			dependencies = (
			);
			name = LoginthroughFacebook;
			productName = LoginthroughFacebook;
			productReference = 6C1FFC142ACA925E0078F0B8 /* LoginthroughFacebook.app */;
			productType = "com.apple.product-type.application";
		};
/* End PBXNativeTarget section */

/* Begin PBXProject section */
		6C1FFC0C2ACA925E0078F0B8 /* Project object */ = {
			isa = PBXProject;
			attributes = {
				BuildIndependentTargetsInParallel = 1;
				LastSwiftUpdateCheck = 1420;
				LastUpgradeCheck = 1420;
				TargetAttributes = {
					6C1FFC132ACA925E0078F0B8 = {
						CreatedOnToolsVersion = 14.2;
					};
				};
			};
			buildConfigurationList = 6C1FFC0F2ACA925E0078F0B8 /* Build configuration list for PBXProject "LoginthroughFacebook" */;
			compatibilityVersion = "Xcode 14.0";
			developmentRegion = en;
			hasScannedForEncodings = 0;
			knownRegions = (
				en,
				Base,
			);
			mainGroup = 6C1FFC0B2ACA925E0078F0B8;
			productRefGroup = 6C1FFC152ACA925E0078F0B8 /* Products */;
			projectDirPath = "";
			projectRoot = "";
			targets = (
				6C1FFC132ACA925E0078F0B8 /* LoginthroughFacebook */,
			);
		};
/* End PBXProject section */

/* Begin PBXResourcesBuildPhase section */
		6C1FFC122ACA925E0078F0B8 /* Resources */ = {
			isa = PBXResourcesBuildPhase;
			buildActionMask = 2147483647;
			files = (
				6C1FFC242ACA92600078F0B8 /* LaunchScreen.storyboard in Resources */,
				6C1FFC212ACA92600078F0B8 /* Assets.xcassets in Resources */,
				6C1FFC1F2ACA925E0078F0B8 /* Main.storyboard in Resources */,
			);
			runOnlyForDeploymentPostprocessing = 0;
		};
/* End PBXResourcesBuildPhase section */

/* Begin PBXShellScriptBuildPhase section */
		23D0F9FC2A021484758439BF /* [CP] Check Pods Manifest.lock */ = {
			isa = PBXShellScriptBuildPhase;
			buildActionMask = 2147483647;
			files = (
			);
			inputFileListPaths = (
			);
			inputPaths = (
				"${PODS_PODFILE_DIR_PATH}/Podfile.lock",
				"${PODS_ROOT}/Manifest.lock",
			);
			name = "[CP] Check Pods Manifest.lock";
			outputFileListPaths = (
			);
			outputPaths = (
				"$(DERIVED_FILE_DIR)/Pods-LoginthroughFacebook-checkManifestLockResult.txt",
			);
			runOnlyForDeploymentPostprocessing = 0;
			shellPath = /bin/sh;
			shellScript = "diff \"${PODS_PODFILE_DIR_PATH}/Podfile.lock\" \"${PODS_ROOT}/Manifest.lock\" > /dev/null\nif [ $? != 0 ] ; then\n    # print error to STDERR\n    echo \"error: The sandbox is not in sync with the Podfile.lock. Run 'pod install' or update your CocoaPods installation.\" >&2\n    exit 1\nfi\n# This output is used by Xcode 'outputs' to avoid re-running this script phase.\necho \"SUCCESS\" > \"${SCRIPT_OUTPUT_FILE_0}\"\n";
			showEnvVarsInLog = 0;
		};
		C4DF1DEEFBFD60A4A1D8328C /* [CP] Embed Pods Frameworks */ = {
			isa = PBXShellScriptBuildPhase;
			buildActionMask = 2147483647;
			files = (
			);
			inputFileListPaths = (
				"${PODS_ROOT}/Target Support Files/Pods-LoginthroughFacebook/Pods-LoginthroughFacebook-frameworks-${CONFIGURATION}-input-files.xcfilelist",
			);
			name = "[CP] Embed Pods Frameworks";
			outputFileListPaths = (
				"${PODS_ROOT}/Target Support Files/Pods-LoginthroughFacebook/Pods-LoginthroughFacebook-frameworks-${CONFIGURATION}-output-files.xcfilelist",
			);
			runOnlyForDeploymentPostprocessing = 0;
			shellPath = /bin/sh;
			shellScript = "\"${PODS_ROOT}/Target Support Files/Pods-LoginthroughFacebook/Pods-LoginthroughFacebook-frameworks.sh\"\n";
			showEnvVarsInLog = 0;
		};
/* End PBXShellScriptBuildPhase section */

/* Begin PBXSourcesBuildPhase section */
		6C1FFC102ACA925E0078F0B8 /* Sources */ = {
			isa = PBXSourcesBuildPhase;
			buildActionMask = 2147483647;
			files = (
				6C1FFC1C2ACA925E0078F0B8 /* ViewController.swift in Sources */,
				6C1FFC182ACA925E0078F0B8 /* AppDelegate.swift in Sources */,
				6C1FFC1A2ACA925E0078F0B8 /* SceneDelegate.swift in Sources */,
				6C1FFC2C2ACACC9D0078F0B8 /* NewViewController.swift in Sources */,
			);
			runOnlyForDeploymentPostprocessing = 0;
		};
/* End PBXSourcesBuildPhase section */

/* Begin PBXVariantGroup section */
		6C1FFC1D2ACA925E0078F0B8 /* Main.storyboard */ = {
			isa = PBXVariantGroup;
			children = (
				6C1FFC1E2ACA925E0078F0B8 /* Base */,
			);
			name = Main.storyboard;
			sourceTree = "<group>";
		};
		6C1FFC222ACA92600078F0B8 /* LaunchScreen.storyboard */ = {
			isa = PBXVariantGroup;
			children = (
				6C1FFC232ACA92600078F0B8 /* Base */,
			);
			name = LaunchScreen.storyboard;
			sourceTree = "<group>";
		};
/* End PBXVariantGroup section */

/* Begin XCBuildConfiguration section */
		6C1FFC262ACA92600078F0B8 /* Debug */ = {
			isa = XCBuildConfiguration;
			buildSettings = {
				ALWAYS_SEARCH_USER_PATHS = NO;
				CLANG_ANALYZER_NONNULL = YES;
				CLANG_ANALYZER_NUMBER_OBJECT_CONVERSION = YES_AGGRESSIVE;
				CLANG_CXX_LANGUAGE_STANDARD = "gnu++20";
				CLANG_ENABLE_MODULES = YES;
				CLANG_ENABLE_OBJC_ARC = YES;
				CLANG_ENABLE_OBJC_WEAK = YES;
				CLANG_WARN_BLOCK_CAPTURE_AUTORELEASING = YES;
				CLANG_WARN_BOOL_CONVERSION = YES;
				CLANG_WARN_COMMA = YES;
				CLANG_WARN_CONSTANT_CONVERSION = YES;
				CLANG_WARN_DEPRECATED_OBJC_IMPLEMENTATIONS = YES;
				CLANG_WARN_DIRECT_OBJC_ISA_USAGE = YES_ERROR;
				CLANG_WARN_DOCUMENTATION_COMMENTS = YES;
				CLANG_WARN_EMPTY_BODY = YES;
				CLANG_WARN_ENUM_CONVERSION = YES;
				CLANG_WARN_INFINITE_RECURSION = YES;
				CLANG_WARN_INT_CONVERSION = YES;
				CLANG_WARN_NON_LITERAL_NULL_CONVERSION = YES;
				CLANG_WARN_OBJC_IMPLICIT_RETAIN_SELF = YES;
				CLANG_WARN_OBJC_LITERAL_CONVERSION = YES;
				CLANG_WARN_OBJC_ROOT_CLASS = YES_ERROR;
				CLANG_WARN_QUOTED_INCLUDE_IN_FRAMEWORK_HEADER = YES;
				CLANG_WARN_RANGE_LOOP_ANALYSIS = YES;
				CLANG_WARN_STRICT_PROTOTYPES = YES;
				CLANG_WARN_SUSPICIOUS_MOVE = YES;
				CLANG_WARN_UNGUARDED_AVAILABILITY = YES_AGGRESSIVE;
				CLANG_WARN_UNREACHABLE_CODE = YES;
				CLANG_WARN__DUPLICATE_METHOD_MATCH = YES;
				COPY_PHASE_STRIP = NO;
				DEBUG_INFORMATION_FORMAT = dwarf;
				ENABLE_STRICT_OBJC_MSGSEND = YES;
				ENABLE_TESTABILITY = YES;
				GCC_C_LANGUAGE_STANDARD = gnu11;
				GCC_DYNAMIC_NO_PIC = NO;
				GCC_NO_COMMON_BLOCKS = YES;
				GCC_OPTIMIZATION_LEVEL = 0;
				GCC_PREPROCESSOR_DEFINITIONS = (
					"DEBUG=1",
					"$(inherited)",
				);
				GCC_WARN_64_TO_32_BIT_CONVERSION = YES;
				GCC_WARN_ABOUT_RETURN_TYPE = YES_ERROR;
				GCC_WARN_UNDECLARED_SELECTOR = YES;
				GCC_WARN_UNINITIALIZED_AUTOS = YES_AGGRESSIVE;
				GCC_WARN_UNUSED_FUNCTION = YES;
				GCC_WARN_UNUSED_VARIABLE = YES;
				IPHONEOS_DEPLOYMENT_TARGET = 16.2;
				MTL_ENABLE_DEBUG_INFO = INCLUDE_SOURCE;
				MTL_FAST_MATH = YES;
				ONLY_ACTIVE_ARCH = YES;
				SDKROOT = iphoneos;
				SWIFT_ACTIVE_COMPILATION_CONDITIONS = DEBUG;
				SWIFT_OPTIMIZATION_LEVEL = "-Onone";
			};
			name = Debug;
		};
		6C1FFC272ACA92600078F0B8 /* Release */ = {
			isa = XCBuildConfiguration;
			buildSettings = {
				ALWAYS_SEARCH_USER_PATHS = NO;
				CLANG_ANALYZER_NONNULL = YES;
				CLANG_ANALYZER_NUMBER_OBJECT_CONVERSION = YES_AGGRESSIVE;
				CLANG_CXX_LANGUAGE_STANDARD = "gnu++20";
				CLANG_ENABLE_MODULES = YES;
				CLANG_ENABLE_OBJC_ARC = YES;
				CLANG_ENABLE_OBJC_WEAK = YES;
				CLANG_WARN_BLOCK_CAPTURE_AUTORELEASING = YES;
				CLANG_WARN_BOOL_CONVERSION = YES;
				CLANG_WARN_COMMA = YES;
				CLANG_WARN_CONSTANT_CONVERSION = YES;
				CLANG_WARN_DEPRECATED_OBJC_IMPLEMENTATIONS = YES;
				CLANG_WARN_DIRECT_OBJC_ISA_USAGE = YES_ERROR;
				CLANG_WARN_DOCUMENTATION_COMMENTS = YES;
				CLANG_WARN_EMPTY_BODY = YES;
				CLANG_WARN_ENUM_CONVERSION = YES;
				CLANG_WARN_INFINITE_RECURSION = YES;
				CLANG_WARN_INT_CONVERSION = YES;
				CLANG_WARN_NON_LITERAL_NULL_CONVERSION = YES;
				CLANG_WARN_OBJC_IMPLICIT_RETAIN_SELF = YES;
				CLANG_WARN_OBJC_LITERAL_CONVERSION = YES;
				CLANG_WARN_OBJC_ROOT_CLASS = YES_ERROR;
				CLANG_WARN_QUOTED_INCLUDE_IN_FRAMEWORK_HEADER = YES;
				CLANG_WARN_RANGE_LOOP_ANALYSIS = YES;
				CLANG_WARN_STRICT_PROTOTYPES = YES;
				CLANG_WARN_SUSPICIOUS_MOVE = YES;
				CLANG_WARN_UNGUARDED_AVAILABILITY = YES_AGGRESSIVE;
				CLANG_WARN_UNREACHABLE_CODE = YES;
				CLANG_WARN__DUPLICATE_METHOD_MATCH = YES;
				COPY_PHASE_STRIP = NO;
				DEBUG_INFORMATION_FORMAT = "dwarf-with-dsym";
				ENABLE_NS_ASSERTIONS = NO;
				ENABLE_STRICT_OBJC_MSGSEND = YES;
				GCC_C_LANGUAGE_STANDARD = gnu11;
				GCC_NO_COMMON_BLOCKS = YES;
				GCC_WARN_64_TO_32_BIT_CONVERSION = YES;
				GCC_WARN_ABOUT_RETURN_TYPE = YES_ERROR;
				GCC_WARN_UNDECLARED_SELECTOR = YES;
				GCC_WARN_UNINITIALIZED_AUTOS = YES_AGGRESSIVE;
				GCC_WARN_UNUSED_FUNCTION = YES;
				GCC_WARN_UNUSED_VARIABLE = YES;
				IPHONEOS_DEPLOYMENT_TARGET = 16.2;
				MTL_ENABLE_DEBUG_INFO = NO;
				MTL_FAST_MATH = YES;
				SDKROOT = iphoneos;
				SWIFT_COMPILATION_MODE = wholemodule;
				SWIFT_OPTIMIZATION_LEVEL = "-O";
				VALIDATE_PRODUCT = YES;
			};
			name = Release;
		};
		6C1FFC292ACA92600078F0B8 /* Debug */ = {
			isa = XCBuildConfiguration;
			baseConfigurationReference = C3905504958868D158CF05EF /* Pods-LoginthroughFacebook.debug.xcconfig */;
			buildSettings = {
				ASSETCATALOG_COMPILER_APPICON_NAME = AppIcon;
				ASSETCATALOG_COMPILER_GLOBAL_ACCENT_COLOR_NAME = AccentColor;
				CODE_SIGN_STYLE = Automatic;
				CURRENT_PROJECT_VERSION = 1;
				GENERATE_INFOPLIST_FILE = YES;
				INFOPLIST_FILE = LoginthroughFacebook/Info.plist;
				INFOPLIST_KEY_UIApplicationSupportsIndirectInputEvents = YES;
				INFOPLIST_KEY_UILaunchStoryboardName = LaunchScreen;
				INFOPLIST_KEY_UIMainStoryboardFile = Main;
				INFOPLIST_KEY_UISupportedInterfaceOrientations_iPad = "UIInterfaceOrientationPortrait UIInterfaceOrientationPortraitUpsideDown UIInterfaceOrientationLandscapeLeft UIInterfaceOrientationLandscapeRight";
				INFOPLIST_KEY_UISupportedInterfaceOrientations_iPhone = "UIInterfaceOrientationPortrait UIInterfaceOrientationLandscapeLeft UIInterfaceOrientationLandscapeRight";
				LD_RUNPATH_SEARCH_PATHS = (
					"$(inherited)",
					"@executable_path/Frameworks",
				);
				MARKETING_VERSION = 1.0;
				PRODUCT_BUNDLE_IDENTIFIER = com.Swift.LoginthroughFacebook;
				PRODUCT_NAME = "$(TARGET_NAME)";
				SWIFT_EMIT_LOC_STRINGS = YES;
				SWIFT_VERSION = 5.0;
				TARGETED_DEVICE_FAMILY = "1,2";
			};
			name = Debug;
		};
		6C1FFC2A2ACA92600078F0B8 /* Release */ = {
			isa = XCBuildConfiguration;
			baseConfigurationReference = 4A0A7D685A5032E2D6EFF953 /* Pods-LoginthroughFacebook.release.xcconfig */;
			buildSettings = {
				ASSETCATALOG_COMPILER_APPICON_NAME = AppIcon;
				ASSETCATALOG_COMPILER_GLOBAL_ACCENT_COLOR_NAME = AccentColor;
				CODE_SIGN_STYLE = Automatic;
				CURRENT_PROJECT_VERSION = 1;
				GENERATE_INFOPLIST_FILE = YES;
				INFOPLIST_FILE = LoginthroughFacebook/Info.plist;
				INFOPLIST_KEY_UIApplicationSupportsIndirectInputEvents = YES;
				INFOPLIST_KEY_UILaunchStoryboardName = LaunchScreen;
				INFOPLIST_KEY_UIMainStoryboardFile = Main;
				INFOPLIST_KEY_UISupportedInterfaceOrientations_iPad = "UIInterfaceOrientationPortrait UIInterfaceOrientationPortraitUpsideDown UIInterfaceOrientationLandscapeLeft UIInterfaceOrientationLandscapeRight";
				INFOPLIST_KEY_UISupportedInterfaceOrientations_iPhone = "UIInterfaceOrientationPortrait UIInterfaceOrientationLandscapeLeft UIInterfaceOrientationLandscapeRight";
				LD_RUNPATH_SEARCH_PATHS = (
					"$(inherited)",
					"@executable_path/Frameworks",
				);
				MARKETING_VERSION = 1.0;
				PRODUCT_BUNDLE_IDENTIFIER = com.Swift.LoginthroughFacebook;
				PRODUCT_NAME = "$(TARGET_NAME)";
				SWIFT_EMIT_LOC_STRINGS = YES;
				SWIFT_VERSION = 5.0;
				TARGETED_DEVICE_FAMILY = "1,2";
			};
			name = Release;
		};
/* End XCBuildConfiguration section */

/* Begin XCConfigurationList section */
		6C1FFC0F2ACA925E0078F0B8 /* Build configuration list for PBXProject "LoginthroughFacebook" */ = {
			isa = XCConfigurationList;
			buildConfigurations = (
				6C1FFC262ACA92600078F0B8 /* Debug */,
				6C1FFC272ACA92600078F0B8 /* Release */,
			);
			defaultConfigurationIsVisible = 0;
			defaultConfigurationName = Release;
		};
		6C1FFC282ACA92600078F0B8 /* Build configuration list for PBXNativeTarget "LoginthroughFacebook" */ = {
			isa = XCConfigurationList;
			buildConfigurations = (
				6C1FFC292ACA92600078F0B8 /* Debug */,
				6C1FFC2A2ACA92600078F0B8 /* Release */,
			);
			defaultConfigurationIsVisible = 0;
			defaultConfigurationName = Release;
		};
/* End XCConfigurationList section */
	};
	rootObject = 6C1FFC0C2ACA925E0078F0B8 /* Project object */;
}
